// !$*UTF8*$!
{
	archiveVersion = 1;
	classes = {
	};
	objectVersion = 48;
	objects = {

/* Begin PBXBuildFile section */
		3A1E9A73437E371EEC9A021C /* Pods_BitCoinCalculator.framework in Frameworks */ = {isa = PBXBuildFile; fileRef = F4C2757C9B888FCF3A881730 /* Pods_BitCoinCalculator.framework */; };
		EF15C5571FEE4CEC007CA6D7 /* AppDelegate.swift in Sources */ = {isa = PBXBuildFile; fileRef = EF15C5561FEE4CEC007CA6D7 /* AppDelegate.swift */; };
		EF15C5591FEE4CEC007CA6D7 /* ViewController.swift in Sources */ = {isa = PBXBuildFile; fileRef = EF15C5581FEE4CEC007CA6D7 /* ViewController.swift */; };
		EF15C55C1FEE4CEC007CA6D7 /* Main.storyboard in Resources */ = {isa = PBXBuildFile; fileRef = EF15C55A1FEE4CEC007CA6D7 /* Main.storyboard */; };
		EF15C55E1FEE4CEC007CA6D7 /* Assets.xcassets in Resources */ = {isa = PBXBuildFile; fileRef = EF15C55D1FEE4CEC007CA6D7 /* Assets.xcassets */; };
		EF15C5611FEE4CEC007CA6D7 /* LaunchScreen.storyboard in Resources */ = {isa = PBXBuildFile; fileRef = EF15C55F1FEE4CEC007CA6D7 /* LaunchScreen.storyboard */; };
		EF15C56D1FEE4D75007CA6D7 /* BitCoinDataModel.swift in Sources */ = {isa = PBXBuildFile; fileRef = EF15C56C1FEE4D75007CA6D7 /* BitCoinDataModel.swift */; };
/* End PBXBuildFile section */

/* Begin PBXFileReference section */
		B9D2452D42D42E906BC05095 /* Pods-BitCoinCalculator.debug.xcconfig */ = {isa = PBXFileReference; includeInIndex = 1; lastKnownFileType = text.xcconfig; name = "Pods-BitCoinCalculator.debug.xcconfig"; path = "Pods/Target Support Files/Pods-BitCoinCalculator/Pods-BitCoinCalculator.debug.xcconfig"; sourceTree = "<group>"; };
		C2A0F373BDFB17F4E4ED1567 /* Pods-BitCoinCalculator.release.xcconfig */ = {isa = PBXFileReference; includeInIndex = 1; lastKnownFileType = text.xcconfig; name = "Pods-BitCoinCalculator.release.xcconfig"; path = "Pods/Target Support Files/Pods-BitCoinCalculator/Pods-BitCoinCalculator.release.xcconfig"; sourceTree = "<group>"; };
		EF15C5531FEE4CEC007CA6D7 /* BitCoinCalculator.app */ = {isa = PBXFileReference; explicitFileType = wrapper.application; includeInIndex = 0; path = BitCoinCalculator.app; sourceTree = BUILT_PRODUCTS_DIR; };
		EF15C5561FEE4CEC007CA6D7 /* AppDelegate.swift */ = {isa = PBXFileReference; lastKnownFileType = sourcecode.swift; path = AppDelegate.swift; sourceTree = "<group>"; };
		EF15C5581FEE4CEC007CA6D7 /* ViewController.swift */ = {isa = PBXFileReference; lastKnownFileType = sourcecode.swift; path = ViewController.swift; sourceTree = "<group>"; };
		EF15C55B1FEE4CEC007CA6D7 /* Base */ = {isa = PBXFileReference; lastKnownFileType = file.storyboard; name = Base; path = Base.lproj/Main.storyboard; sourceTree = "<group>"; };
		EF15C55D1FEE4CEC007CA6D7 /* Assets.xcassets */ = {isa = PBXFileReference; lastKnownFileType = folder.assetcatalog; path = Assets.xcassets; sourceTree = "<group>"; };
		EF15C5601FEE4CEC007CA6D7 /* Base */ = {isa = PBXFileReference; lastKnownFileType = file.storyboard; name = Base; path = Base.lproj/LaunchScreen.storyboard; sourceTree = "<group>"; };
		EF15C5621FEE4CEC007CA6D7 /* Info.plist */ = {isa = PBXFileReference; lastKnownFileType = text.plist.xml; path = Info.plist; sourceTree = "<group>"; };
		EF15C56C1FEE4D75007CA6D7 /* BitCoinDataModel.swift */ = {isa = PBXFileReference; lastKnownFileType = sourcecode.swift; path = BitCoinDataModel.swift; sourceTree = "<group>"; };
		F4C2757C9B888FCF3A881730 /* Pods_BitCoinCalculator.framework */ = {isa = PBXFileReference; explicitFileType = wrapper.framework; includeInIndex = 0; path = Pods_BitCoinCalculator.framework; sourceTree = BUILT_PRODUCTS_DIR; };
/* End PBXFileReference section */

/* Begin PBXFrameworksBuildPhase section */
		EF15C5501FEE4CEC007CA6D7 /* Frameworks */ = {
			isa = PBXFrameworksBuildPhase;
			buildActionMask = 2147483647;
			files = (
				3A1E9A73437E371EEC9A021C /* Pods_BitCoinCalculator.framework in Frameworks */,
			);
			runOnlyForDeploymentPostprocessing = 0;
		};
/* End PBXFrameworksBuildPhase section */

/* Begin PBXGroup section */
		6F5B62DF627A5579371D3F66 /* Frameworks */ = {
			isa = PBXGroup;
			children = (
				F4C2757C9B888FCF3A881730 /* Pods_BitCoinCalculator.framework */,
			);
			name = Frameworks;
			sourceTree = "<group>";
		};
		A8AF4C9A3188E158BA4B6099 /* Pods */ = {
			isa = PBXGroup;
			children = (
				B9D2452D42D42E906BC05095 /* Pods-BitCoinCalculator.debug.xcconfig */,
				C2A0F373BDFB17F4E4ED1567 /* Pods-BitCoinCalculator.release.xcconfig */,
			);
			name = Pods;
			sourceTree = "<group>";
		};
		EF15C54A1FEE4CEC007CA6D7 = {
			isa = PBXGroup;
			children = (
				EF15C5551FEE4CEC007CA6D7 /* BitCoinCalculator */,
				EF15C5541FEE4CEC007CA6D7 /* Products */,
				A8AF4C9A3188E158BA4B6099 /* Pods */,
				6F5B62DF627A5579371D3F66 /* Frameworks */,
			);
			sourceTree = "<group>";
		};
		EF15C5541FEE4CEC007CA6D7 /* Products */ = {
			isa = PBXGroup;
			children = (
				EF15C5531FEE4CEC007CA6D7 /* BitCoinCalculator.app */,
			);
			name = Products;
			sourceTree = "<group>";
		};
		EF15C5551FEE4CEC007CA6D7 /* BitCoinCalculator */ = {
			isa = PBXGroup;
			children = (
				EF15C56A1FEE4D56007CA6D7 /* Controller */,
				EF15C5691FEE4D52007CA6D7 /* View */,
				EF15C5681FEE4D4D007CA6D7 /* Data */,
				EF15C55D1FEE4CEC007CA6D7 /* Assets.xcassets */,
				EF15C55F1FEE4CEC007CA6D7 /* LaunchScreen.storyboard */,
				EF15C5621FEE4CEC007CA6D7 /* Info.plist */,
			);
			path = BitCoinCalculator;
			sourceTree = "<group>";
		};
		EF15C5681FEE4D4D007CA6D7 /* Data */ = {
			isa = PBXGroup;
			children = (
				EF15C56C1FEE4D75007CA6D7 /* BitCoinDataModel.swift */,
			);
			path = Data;
			sourceTree = "<group>";
		};
		EF15C5691FEE4D52007CA6D7 /* View */ = {
			isa = PBXGroup;
			children = (
				EF15C55A1FEE4CEC007CA6D7 /* Main.storyboard */,
			);
			path = View;
			sourceTree = "<group>";
		};
		EF15C56A1FEE4D56007CA6D7 /* Controller */ = {
			isa = PBXGroup;
			children = (
				EF15C5561FEE4CEC007CA6D7 /* AppDelegate.swift */,
				EF15C5581FEE4CEC007CA6D7 /* ViewController.swift */,
			);
			path = Controller;
			sourceTree = "<group>";
		};
/* End PBXGroup section */

/* Begin PBXNativeTarget section */
		EF15C5521FEE4CEC007CA6D7 /* BitCoinCalculator */ = {
			isa = PBXNativeTarget;
			buildConfigurationList = EF15C5651FEE4CEC007CA6D7 /* Build configuration list for PBXNativeTarget "BitCoinCalculator" */;
			buildPhases = (
				303349A132C9C2A8716025F4 /* [CP] Check Pods Manifest.lock */,
				EF15C54F1FEE4CEC007CA6D7 /* Sources */,
				EF15C5501FEE4CEC007CA6D7 /* Frameworks */,
				EF15C5511FEE4CEC007CA6D7 /* Resources */,
				01CC1A56E870E133513C97A3 /* [CP] Embed Pods Frameworks */,
				A3229FFCA83E10A17B063BAC /* [CP] Copy Pods Resources */,
			);
			buildRules = (
			);
			dependencies = (
			);
			name = BitCoinCalculator;
			productName = BitCoinCalculator;
			productReference = EF15C5531FEE4CEC007CA6D7 /* BitCoinCalculator.app */;
			productType = "com.apple.product-type.application";
		};
/* End PBXNativeTarget section */

/* Begin PBXProject section */
		EF15C54B1FEE4CEC007CA6D7 /* Project object */ = {
			isa = PBXProject;
			attributes = {
				LastSwiftUpdateCheck = 0920;
				LastUpgradeCheck = 0920;
				ORGANIZATIONNAME = "Radoslav Radoev";
				TargetAttributes = {
					EF15C5521FEE4CEC007CA6D7 = {
						CreatedOnToolsVersion = 9.2;
						ProvisioningStyle = Automatic;
					};
				};
			};
			buildConfigurationList = EF15C54E1FEE4CEC007CA6D7 /* Build configuration list for PBXProject "BitCoinCalculator" */;
			compatibilityVersion = "Xcode 8.0";
			developmentRegion = en;
			hasScannedForEncodings = 0;
			knownRegions = (
				en,
				Base,
			);
			mainGroup = EF15C54A1FEE4CEC007CA6D7;
			productRefGroup = EF15C5541FEE4CEC007CA6D7 /* Products */;
			projectDirPath = "";
			projectRoot = "";
			targets = (
				EF15C5521FEE4CEC007CA6D7 /* BitCoinCalculator */,
			);
		};
/* End PBXProject section */

/* Begin PBXResourcesBuildPhase section */
		EF15C5511FEE4CEC007CA6D7 /* Resources */ = {
			isa = PBXResourcesBuildPhase;
			buildActionMask = 2147483647;
			files = (
				EF15C5611FEE4CEC007CA6D7 /* LaunchScreen.storyboard in Resources */,
				EF15C55E1FEE4CEC007CA6D7 /* Assets.xcassets in Resources */,
				EF15C55C1FEE4CEC007CA6D7 /* Main.storyboard in Resources */,
			);
			runOnlyForDeploymentPostprocessing = 0;
		};
/* End PBXResourcesBuildPhase section */

/* Begin PBXShellScriptBuildPhase section */
		01CC1A56E870E133513C97A3 /* [CP] Embed Pods Frameworks */ = {
			isa = PBXShellScriptBuildPhase;
			buildActionMask = 2147483647;
			files = (
			);
			inputPaths = (
				"${SRCROOT}/Pods/Target Support Files/Pods-BitCoinCalculator/Pods-BitCoinCalculator-frameworks.sh",
				"${BUILT_PRODUCTS_DIR}/Alamofire/Alamofire.framework",
				"${BUILT_PRODUCTS_DIR}/SwiftyJSON/SwiftyJSON.framework",
			);
			name = "[CP] Embed Pods Frameworks";
			outputPaths = (
				"${TARGET_BUILD_DIR}/${FRAMEWORKS_FOLDER_PATH}/Alamofire.framework",
				"${TARGET_BUILD_DIR}/${FRAMEWORKS_FOLDER_PATH}/SwiftyJSON.framework",
			);
			runOnlyForDeploymentPostprocessing = 0;
			shellPath = /bin/sh;
			shellScript = "\"${SRCROOT}/Pods/Target Support Files/Pods-BitCoinCalculator/Pods-BitCoinCalculator-frameworks.sh\"\n";
			showEnvVarsInLog = 0;
		};
		303349A132C9C2A8716025F4 /* [CP] Check Pods Manifest.lock */ = {
			isa = PBXShellScriptBuildPhase;
			buildActionMask = 2147483647;
			files = (
			);
			inputPaths = (
				"${PODS_PODFILE_DIR_PATH}/Podfile.lock",
				"${PODS_ROOT}/Manifest.lock",
			);
			name = "[CP] Check Pods Manifest.lock";
			outputPaths = (
				"$(DERIVED_FILE_DIR)/Pods-BitCoinCalculator-checkManifestLockResult.txt",
			);
			runOnlyForDeploymentPostprocessing = 0;
			shellPath = /bin/sh;
			shellScript = "diff \"${PODS_PODFILE_DIR_PATH}/Podfile.lock\" \"${PODS_ROOT}/Manifest.lock\" > /dev/null\nif [ $? != 0 ] ; then\n    # print error to STDERR\n    echo \"error: The sandbox is not in sync with the Podfile.lock. Run 'pod install' or update your CocoaPods installation.\" >&2\n    exit 1\nfi\n# This output is used by Xcode 'outputs' to avoid re-running this script phase.\necho \"SUCCESS\" > \"${SCRIPT_OUTPUT_FILE_0}\"\n";
			showEnvVarsInLog = 0;
		};
		A3229FFCA83E10A17B063BAC /* [CP] Copy Pods Resources */ = {
			isa = PBXShellScriptBuildPhase;
			buildActionMask = 2147483647;
			files = (
			);
			inputPaths = (
			);
			name = "[CP] Copy Pods Resources";
			outputPaths = (
			);
			runOnlyForDeploymentPostprocessing = 0;
			shellPath = /bin/sh;
			shellScript = "\"${SRCROOT}/Pods/Target Support Files/Pods-BitCoinCalculator/Pods-BitCoinCalculator-resources.sh\"\n";
			showEnvVarsInLog = 0;
		};
/* End PBXShellScriptBuildPhase section */

/* Begin PBXSourcesBuildPhase section */
		EF15C54F1FEE4CEC007CA6D7 /* Sources */ = {
			isa = PBXSourcesBuildPhase;
			buildActionMask = 2147483647;
			files = (
				EF15C5591FEE4CEC007CA6D7 /* ViewController.swift in Sources */,
				EF15C56D1FEE4D75007CA6D7 /* BitCoinDataModel.swift in Sources */,
				EF15C5571FEE4CEC007CA6D7 /* AppDelegate.swift in Sources */,
			);
			runOnlyForDeploymentPostprocessing = 0;
		};
/* End PBXSourcesBuildPhase section */

/* Begin PBXVariantGroup section */
		EF15C55A1FEE4CEC007CA6D7 /* Main.storyboard */ = {
			isa = PBXVariantGroup;
			children = (
				EF15C55B1FEE4CEC007CA6D7 /* Base */,
			);
			name = Main.storyboard;
			sourceTree = "<group>";
		};
		EF15C55F1FEE4CEC007CA6D7 /* LaunchScreen.storyboard */ = {
			isa = PBXVariantGroup;
			children = (
				EF15C5601FEE4CEC007CA6D7 /* Base */,
			);
			name = LaunchScreen.storyboard;
			sourceTree = "<group>";
		};
/* End PBXVariantGroup section */

/* Begin XCBuildConfiguration section */
		EF15C5631FEE4CEC007CA6D7 /* Debug */ = {
			isa = XCBuildConfiguration;
			buildSettings = {
				ALWAYS_SEARCH_USER_PATHS = NO;
				CLANG_ANALYZER_NONNULL = YES;
				CLANG_ANALYZER_NUMBER_OBJECT_CONVERSION = YES_AGGRESSIVE;
				CLANG_CXX_LANGUAGE_STANDARD = "gnu++14";
				CLANG_CXX_LIBRARY = "libc++";
				CLANG_ENABLE_MODULES = YES;
				CLANG_ENABLE_OBJC_ARC = YES;
				CLANG_WARN_BLOCK_CAPTURE_AUTORELEASING = YES;
				CLANG_WARN_BOOL_CONVERSION = YES;
				CLANG_WARN_COMMA = YES;
				CLANG_WARN_CONSTANT_CONVERSION = YES;
				CLANG_WARN_DIRECT_OBJC_ISA_USAGE = YES_ERROR;
				CLANG_WARN_DOCUMENTATION_COMMENTS = YES;
				CLANG_WARN_EMPTY_BODY = YES;
				CLANG_WARN_ENUM_CONVERSION = YES;
				CLANG_WARN_INFINITE_RECURSION = YES;
				CLANG_WARN_INT_CONVERSION = YES;
				CLANG_WARN_NON_LITERAL_NULL_CONVERSION = YES;
				CLANG_WARN_OBJC_LITERAL_CONVERSION = YES;
				CLANG_WARN_OBJC_ROOT_CLASS = YES_ERROR;
				CLANG_WARN_RANGE_LOOP_ANALYSIS = YES;
				CLANG_WARN_STRICT_PROTOTYPES = YES;
				CLANG_WARN_SUSPICIOUS_MOVE = YES;
				CLANG_WARN_UNGUARDED_AVAILABILITY = YES_AGGRESSIVE;
				CLANG_WARN_UNREACHABLE_CODE = YES;
				CLANG_WARN__DUPLICATE_METHOD_MATCH = YES;
				CODE_SIGN_IDENTITY = "iPhone Developer";
				COPY_PHASE_STRIP = NO;
				DEBUG_INFORMATION_FORMAT = dwarf;
				ENABLE_STRICT_OBJC_MSGSEND = YES;
				ENABLE_TESTABILITY = YES;
				GCC_C_LANGUAGE_STANDARD = gnu11;
				GCC_DYNAMIC_NO_PIC = NO;
				GCC_NO_COMMON_BLOCKS = YES;
				GCC_OPTIMIZATION_LEVEL = 0;
				GCC_PREPROCESSOR_DEFINITIONS = (
					"DEBUG=1",
					"$(inherited)",
				);
				GCC_WARN_64_TO_32_BIT_CONVERSION = YES;
				GCC_WARN_ABOUT_RETURN_TYPE = YES_ERROR;
				GCC_WARN_UNDECLARED_SELECTOR = YES;
				GCC_WARN_UNINITIALIZED_AUTOS = YES_AGGRESSIVE;
				GCC_WARN_UNUSED_FUNCTION = YES;
				GCC_WARN_UNUSED_VARIABLE = YES;
				IPHONEOS_DEPLOYMENT_TARGET = 11.2;
				MTL_ENABLE_DEBUG_INFO = YES;
				ONLY_ACTIVE_ARCH = YES;
				SDKROOT = iphoneos;
				SWIFT_ACTIVE_COMPILATION_CONDITIONS = DEBUG;
				SWIFT_OPTIMIZATION_LEVEL = "-Onone";
			};
			name = Debug;
		};
		EF15C5641FEE4CEC007CA6D7 /* Release */ = {
			isa = XCBuildConfiguration;
			buildSettings = {
				ALWAYS_SEARCH_USER_PATHS = NO;
				CLANG_ANALYZER_NONNULL = YES;
				CLANG_ANALYZER_NUMBER_OBJECT_CONVERSION = YES_AGGRESSIVE;
				CLANG_CXX_LANGUAGE_STANDARD = "gnu++14";
				CLANG_CXX_LIBRARY = "libc++";
				CLANG_ENABLE_MODULES = YES;
				CLANG_ENABLE_OBJC_ARC = YES;
				CLANG_WARN_BLOCK_CAPTURE_AUTORELEASING = YES;
				CLANG_WARN_BOOL_CONVERSION = YES;
				CLANG_WARN_COMMA = YES;
				CLANG_WARN_CONSTANT_CONVERSION = YES;
				CLANG_WARN_DIRECT_OBJC_ISA_USAGE = YES_ERROR;
				CLANG_WARN_DOCUMENTATION_COMMENTS = YES;
				CLANG_WARN_EMPTY_BODY = YES;
				CLANG_WARN_ENUM_CONVERSION = YES;
				CLANG_WARN_INFINITE_RECURSION = YES;
				CLANG_WARN_INT_CONVERSION = YES;
				CLANG_WARN_NON_LITERAL_NULL_CONVERSION = YES;
				CLANG_WARN_OBJC_LITERAL_CONVERSION = YES;
				CLANG_WARN_OBJC_ROOT_CLASS = YES_ERROR;
				CLANG_WARN_RANGE_LOOP_ANALYSIS = YES;
				CLANG_WARN_STRICT_PROTOTYPES = YES;
				CLANG_WARN_SUSPICIOUS_MOVE = YES;
				CLANG_WARN_UNGUARDED_AVAILABILITY = YES_AGGRESSIVE;
				CLANG_WARN_UNREACHABLE_CODE = YES;
				CLANG_WARN__DUPLICATE_METHOD_MATCH = YES;
				CODE_SIGN_IDENTITY = "iPhone Developer";
				COPY_PHASE_STRIP = NO;
				DEBUG_INFORMATION_FORMAT = "dwarf-with-dsym";
				ENABLE_NS_ASSERTIONS = NO;
				ENABLE_STRICT_OBJC_MSGSEND = YES;
				GCC_C_LANGUAGE_STANDARD = gnu11;
				GCC_NO_COMMON_BLOCKS = YES;
				GCC_WARN_64_TO_32_BIT_CONVERSION = YES;
				GCC_WARN_ABOUT_RETURN_TYPE = YES_ERROR;
				GCC_WARN_UNDECLARED_SELECTOR = YES;
				GCC_WARN_UNINITIALIZED_AUTOS = YES_AGGRESSIVE;
				GCC_WARN_UNUSED_FUNCTION = YES;
				GCC_WARN_UNUSED_VARIABLE = YES;
				IPHONEOS_DEPLOYMENT_TARGET = 11.2;
				MTL_ENABLE_DEBUG_INFO = NO;
				SDKROOT = iphoneos;
				SWIFT_OPTIMIZATION_LEVEL = "-Owholemodule";
				VALIDATE_PRODUCT = YES;
			};
			name = Release;
		};
		EF15C5661FEE4CEC007CA6D7 /* Debug */ = {
			isa = XCBuildConfiguration;
			baseConfigurationReference = B9D2452D42D42E906BC05095 /* Pods-BitCoinCalculator.debug.xcconfig */;
			buildSettings = {
				ASSETCATALOG_COMPILER_APPICON_NAME = AppIcon;
				CODE_SIGN_STYLE = Automatic;
				DEVELOPMENT_TEAM = ND8N624BT5;
				INFOPLIST_FILE = BitCoinCalculator/Info.plist;
				LD_RUNPATH_SEARCH_PATHS = "$(inherited) @executable_path/Frameworks";
				PRODUCT_BUNDLE_IDENTIFIER = com.radoslavRadoev.BitCoinCalculator;
				PRODUCT_NAME = "$(TARGET_NAME)";
				SWIFT_VERSION = 4.0;
				TARGETED_DEVICE_FAMILY = "1,2";
			};
			name = Debug;
		};
		EF15C5671FEE4CEC007CA6D7 /* Release */ = {
			isa = XCBuildConfiguration;
			baseConfigurationReference = C2A0F373BDFB17F4E4ED1567 /* Pods-BitCoinCalculator.release.xcconfig */;
			buildSettings = {
				ASSETCATALOG_COMPILER_APPICON_NAME = AppIcon;
				CODE_SIGN_STYLE = Automatic;
				DEVELOPMENT_TEAM = ND8N624BT5;
				INFOPLIST_FILE = BitCoinCalculator/Info.plist;
				LD_RUNPATH_SEARCH_PATHS = "$(inherited) @executable_path/Frameworks";
				PRODUCT_BUNDLE_IDENTIFIER = com.radoslavRadoev.BitCoinCalculator;
				PRODUCT_NAME = "$(TARGET_NAME)";
				SWIFT_VERSION = 4.0;
				TARGETED_DEVICE_FAMILY = "1,2";
			};
			name = Release;
		};
/* End XCBuildConfiguration section */

/* Begin XCConfigurationList section */
		EF15C54E1FEE4CEC007CA6D7 /* Build configuration list for PBXProject "BitCoinCalculator" */ = {
			isa = XCConfigurationList;
			buildConfigurations = (
				EF15C5631FEE4CEC007CA6D7 /* Debug */,
				EF15C5641FEE4CEC007CA6D7 /* Release */,
			);
			defaultConfigurationIsVisible = 0;
			defaultConfigurationName = Release;
		};
		EF15C5651FEE4CEC007CA6D7 /* Build configuration list for PBXNativeTarget "BitCoinCalculator" */ = {
			isa = XCConfigurationList;
			buildConfigurations = (
				EF15C5661FEE4CEC007CA6D7 /* Debug */,
				EF15C5671FEE4CEC007CA6D7 /* Release */,
			);
			defaultConfigurationIsVisible = 0;
			defaultConfigurationName = Release;
		};
/* End XCConfigurationList section */
	};
	rootObject = EF15C54B1FEE4CEC007CA6D7 /* Project object */;
}
